
Microsoft Visual Studio Solution File, Format Version 12.00
# Visual Studio 14
VisualStudioVersion = 14.0.23107.0
MinimumVisualStudioVersion = 10.0.40219.1
Project("{FAE04EC0-301F-11D3-BF4B-00C04F79EFBC}") = "SerialSniffer", "SerialSniffer\SerialSniffer.csproj", "{BFF257AB-9824-4324-ACEF-49CB63F03457}"
EndProject
Project("{FAE04EC0-301F-11D3-BF4B-00C04F79EFBC}") = "SerialSnifferTests", "SerialSnifferTests\SerialSnifferTests.csproj", "{A954C4D5-3610-40FA-85FF-06EB1E5EBF83}"
EndProject
Global
	GlobalSection(SolutionConfigurationPlatforms) = preSolution
		Debug|Any CPU = Debug|Any CPU
		Release|Any CPU = Release|Any CPU
	EndGlobalSection
	GlobalSection(ProjectConfigurationPlatforms) = postSolution
		{BFF257AB-9824-4324-ACEF-49CB63F03457}.Debug|Any CPU.ActiveCfg = Debug|Any CPU
		{BFF257AB-9824-4324-ACEF-49CB63F03457}.Debug|Any CPU.Build.0 = Debug|Any CPU
		{BFF257AB-9824-4324-ACEF-49CB63F03457}.Release|Any CPU.ActiveCfg = Release|Any CPU
		{BFF257AB-9824-4324-ACEF-49CB63F03457}.Release|Any CPU.Build.0 = Release|Any CPU
		{A954C4D5-3610-40FA-85FF-06EB1E5EBF83}.Debug|Any CPU.ActiveCfg = Debug|Any CPU
		{A954C4D5-3610-40FA-85FF-06EB1E5EBF83}.Debug|Any CPU.Build.0 = Debug|Any CPU
		{A954C4D5-3610-40FA-85FF-06EB1E5EBF83}.Release|Any CPU.ActiveCfg = Release|Any CPU
		{A954C4D5-3610-40FA-85FF-06EB1E5EBF83}.Release|Any CPU.Build.0 = Release|Any CPU
	EndGlobalSection
	GlobalSection(SolutionProperties) = preSolution
		HideSolutionNode = FALSE
	EndGlobalSection
EndGlobal
